
Microsoft Visual Studio Solution File, Format Version 12.00
# Visual Studio Version 16
VisualStudioVersion = 16.0.30621.155
MinimumVisualStudioVersion = 10.0.40219.1
Project("{FAE04EC0-301F-11D3-BF4B-00C04F79EFBC}") = "EmployeeManagementSystem", "EmployeeManagementSystem\EmployeeManagementSystem.csproj", "{1A6A6438-47EB-41EA-96A3-FA749FC394F6}"
EndProject
Global
	GlobalSection(SolutionConfigurationPlatforms) = preSolution
		Debug|Any CPU = Debug|Any CPU
		Release|Any CPU = Release|Any CPU
	EndGlobalSection
	GlobalSection(ProjectConfigurationPlatforms) = postSolution
		{1A6A6438-47EB-41EA-96A3-FA749FC394F6}.Debug|Any CPU.ActiveCfg = Debug|Any CPU
		{1A6A6438-47EB-41EA-96A3-FA749FC394F6}.Debug|Any CPU.Build.0 = Debug|Any CPU
		{1A6A6438-47EB-41EA-96A3-FA749FC394F6}.Release|Any CPU.ActiveCfg = Release|Any CPU
		{1A6A6438-47EB-41EA-96A3-FA749FC394F6}.Release|Any CPU.Build.0 = Release|Any CPU
	EndGlobalSection
	GlobalSection(SolutionProperties) = preSolution
		HideSolutionNode = FALSE
	EndGlobalSection
	GlobalSection(ExtensibilityGlobals) = postSolution
		SolutionGuid = {F3D6DF15-BF89-4E8B-BD7A-632B31EB0751}
	EndGlobalSection
EndGlobal
